# This file is autogenerated, do not edit; changes may be undone by the next 'dep ensure'.


[[projects]]
  name = "github.com/aws/aws-lambda-go"
  packages = ["events","lambda","lambda/messages","lambdacontext"]
  revision = "5fea2b254568d4043f23d27471ae265cd33d3530"

[[projects]]
  branch = "master"
  name = "github.com/awslabs/aws-lambda-go-api-proxy"
  packages = ["core","handlerfunc"]
  revision = "3a4d35011e4a52d877a5fcb0aa494bbb4d20e27b"

[[projects]]
  name = "github.com/bradleyfalzon/ghinstallation"
  packages = ["."]
  revision = "3f4e9b1898e6b65e31827d5dccb97d91d59feaa3"
  version = "v0.1.2"

[[projects]]
  name = "github.com/dgrijalva/jwt-go"
  packages = ["."]
  revision = "06ea1031745cb8b3dab3f6a236daf2b0aa468b7e"
  version = "v3.2.0"

[[projects]]
  name = "github.com/google/go-github"
  packages = ["github"]
  revision = "c3e9de61cf0678e682ea2b98cf1301ae3a814bc8"
  version = "v18.1.0"

[[projects]]
  name = "github.com/google/go-querystring"
  packages = ["query"]
  revision = "44c6ddd0a2342c386950e880b658017258da92fc"
  version = "v1.0.0"

[[projects]]
  branch = "master"
  name = "golang.org/x/net"
  packages = ["context"]
  revision = "26e67e76b6c3f6ce91f7c52def5af501b4e0f3a2"

[solve-meta]
  analyzer-name = "dep"
  analyzer-version = 1
  inputs-digest = "8ac844756fdae54d107c561febbd4dc23a17c680ae0b3702b53a202d55445d93"
  solver-name = "gps-cdcl"
  solver-version = 1
